
Microsoft Visual Studio Solution File, Format Version 12.00
# Visual Studio 14
VisualStudioVersion = 14.0.25123.0
MinimumVisualStudioVersion = 10.0.40219.1
Project("{F6C29E56-DFEA-4A8B-AFFC-9B7A5FEA8170}") = "Sitecore.Support.95901", "Sitecore.Support.95901\Sitecore.Support.95901.csproj", "{B807F525-CB92-45B9-A3F8-5A7CE7A2C15A}"
EndProject
Global
	GlobalSection(SolutionConfigurationPlatforms) = preSolution
		Debug|Any CPU = Debug|Any CPU
		Release|Any CPU = Release|Any CPU
	EndGlobalSection
	GlobalSection(ProjectConfigurationPlatforms) = postSolution
		{B807F525-CB92-45B9-A3F8-5A7CE7A2C15A}.Debug|Any CPU.ActiveCfg = Debug|Any CPU
		{B807F525-CB92-45B9-A3F8-5A7CE7A2C15A}.Debug|Any CPU.Build.0 = Debug|Any CPU
		{B807F525-CB92-45B9-A3F8-5A7CE7A2C15A}.Release|Any CPU.ActiveCfg = Release|Any CPU
		{B807F525-CB92-45B9-A3F8-5A7CE7A2C15A}.Release|Any CPU.Build.0 = Release|Any CPU
	EndGlobalSection
	GlobalSection(SolutionProperties) = preSolution
		HideSolutionNode = FALSE
	EndGlobalSection
EndGlobal
